
Microsoft Visual Studio Solution File, Format Version 12.00
# Visual Studio Version 17
VisualStudioVersion = 17.7.34221.43
MinimumVisualStudioVersion = 10.0.40219.1
Project("{FAE04EC0-301F-11D3-BF4B-00C04F79EFBC}") = "WebDuLich", "WebDuLich\WebDuLich.csproj", "{335EBA81-EF69-48E1-B174-29D72E06A032}"
EndProject
Project("{FAE04EC0-301F-11D3-BF4B-00C04F79EFBC}") = "Admin", "Admin\Admin.csproj", "{004A0DF2-B031-45BE-8925-C4DC635852C5}"
EndProject
Global
	GlobalSection(SolutionConfigurationPlatforms) = preSolution
		Debug|Any CPU = Debug|Any CPU
		Release|Any CPU = Release|Any CPU
	EndGlobalSection
	GlobalSection(ProjectConfigurationPlatforms) = postSolution
		{335EBA81-EF69-48E1-B174-29D72E06A032}.Debug|Any CPU.ActiveCfg = Debug|Any CPU
		{335EBA81-EF69-48E1-B174-29D72E06A032}.Debug|Any CPU.Build.0 = Debug|Any CPU
		{335EBA81-EF69-48E1-B174-29D72E06A032}.Release|Any CPU.ActiveCfg = Release|Any CPU
		{335EBA81-EF69-48E1-B174-29D72E06A032}.Release|Any CPU.Build.0 = Release|Any CPU
		{004A0DF2-B031-45BE-8925-C4DC635852C5}.Debug|Any CPU.ActiveCfg = Debug|Any CPU
		{004A0DF2-B031-45BE-8925-C4DC635852C5}.Debug|Any CPU.Build.0 = Debug|Any CPU
		{004A0DF2-B031-45BE-8925-C4DC635852C5}.Release|Any CPU.ActiveCfg = Release|Any CPU
		{004A0DF2-B031-45BE-8925-C4DC635852C5}.Release|Any CPU.Build.0 = Release|Any CPU
	EndGlobalSection
	GlobalSection(SolutionProperties) = preSolution
		HideSolutionNode = FALSE
	EndGlobalSection
	GlobalSection(ExtensibilityGlobals) = postSolution
		SolutionGuid = {8EDA1EB8-52BA-466C-8EE1-D079DF263EC7}
	EndGlobalSection
EndGlobal
